
Microsoft Visual Studio Solution File, Format Version 12.00
# Visual Studio 15
VisualStudioVersion = 15.0.27428.2027
MinimumVisualStudioVersion = 10.0.40219.1
Project("{FAE04EC0-301F-11D3-BF4B-00C04F79EFBC}") = "AspNetCore.MSGraphAPI", "AspNetCore.MSGraphAPI\AspNetCore.MSGraphAPI.csproj", "{6A727DA2-E800-4709-99B1-0A97C4557F81}"
EndProject
Global
	GlobalSection(SolutionConfigurationPlatforms) = preSolution
		Debug|Any CPU = Debug|Any CPU
		Release|Any CPU = Release|Any CPU
	EndGlobalSection
	GlobalSection(ProjectConfigurationPlatforms) = postSolution
		{6A727DA2-E800-4709-99B1-0A97C4557F81}.Debug|Any CPU.ActiveCfg = Debug|Any CPU
		{6A727DA2-E800-4709-99B1-0A97C4557F81}.Debug|Any CPU.Build.0 = Debug|Any CPU
		{6A727DA2-E800-4709-99B1-0A97C4557F81}.Release|Any CPU.ActiveCfg = Release|Any CPU
		{6A727DA2-E800-4709-99B1-0A97C4557F81}.Release|Any CPU.Build.0 = Release|Any CPU
	EndGlobalSection
	GlobalSection(SolutionProperties) = preSolution
		HideSolutionNode = FALSE
	EndGlobalSection
	GlobalSection(ExtensibilityGlobals) = postSolution
		SolutionGuid = {28337688-F73C-4142-9C39-666E5CFFBC06}
	EndGlobalSection
EndGlobal
